
Microsoft Visual Studio Solution File, Format Version 12.00
# Visual Studio Version 17
VisualStudioVersion = 17.3.32901.215
MinimumVisualStudioVersion = 10.0.40219.1
Project("{FAE04EC0-301F-11D3-BF4B-00C04F79EFBC}") = "Prac_2", "Prac_2\Prac_2.csproj", "{C2298A55-F111-47DF-A9EF-9580C7662028}"
EndProject
Global
	GlobalSection(SolutionConfigurationPlatforms) = preSolution
		Debug|Any CPU = Debug|Any CPU
		Release|Any CPU = Release|Any CPU
	EndGlobalSection
	GlobalSection(ProjectConfigurationPlatforms) = postSolution
		{C2298A55-F111-47DF-A9EF-9580C7662028}.Debug|Any CPU.ActiveCfg = Debug|Any CPU
		{C2298A55-F111-47DF-A9EF-9580C7662028}.Debug|Any CPU.Build.0 = Debug|Any CPU
		{C2298A55-F111-47DF-A9EF-9580C7662028}.Release|Any CPU.ActiveCfg = Release|Any CPU
		{C2298A55-F111-47DF-A9EF-9580C7662028}.Release|Any CPU.Build.0 = Release|Any CPU
	EndGlobalSection
	GlobalSection(SolutionProperties) = preSolution
		HideSolutionNode = FALSE
	EndGlobalSection
	GlobalSection(ExtensibilityGlobals) = postSolution
		SolutionGuid = {A5648450-DA2E-4491-9BAD-C8AE67EDE641}
	EndGlobalSection
EndGlobal
